// !$*UTF8*$!
{
	archiveVersion = 1;
	classes = {
	};
	objectVersion = 55;
	objects = {

/* Begin PBXBuildFile section */
		2639DC2C298E446A00299763 /* AppDelegate.swift in Sources */ = {isa = PBXBuildFile; fileRef = 2639DC2B298E446A00299763 /* AppDelegate.swift */; };
		2639DC2E298E446A00299763 /* SceneDelegate.swift in Sources */ = {isa = PBXBuildFile; fileRef = 2639DC2D298E446A00299763 /* SceneDelegate.swift */; };
		2639DC33298E446A00299763 /* Main.storyboard in Resources */ = {isa = PBXBuildFile; fileRef = 2639DC31298E446A00299763 /* Main.storyboard */; };
		2639DC35298E446B00299763 /* Assets.xcassets in Resources */ = {isa = PBXBuildFile; fileRef = 2639DC34298E446B00299763 /* Assets.xcassets */; };
		2639DC38298E446B00299763 /* LaunchScreen.storyboard in Resources */ = {isa = PBXBuildFile; fileRef = 2639DC36298E446B00299763 /* LaunchScreen.storyboard */; };
		2639DC43298E446B00299763 /* ArtSCTests.swift in Sources */ = {isa = PBXBuildFile; fileRef = 2639DC42298E446B00299763 /* ArtSCTests.swift */; };
		2639DC4D298E446B00299763 /* ArtSCUITests.swift in Sources */ = {isa = PBXBuildFile; fileRef = 2639DC4C298E446B00299763 /* ArtSCUITests.swift */; };
		2639DC4F298E446B00299763 /* ArtSCUITestsLaunchTests.swift in Sources */ = {isa = PBXBuildFile; fileRef = 2639DC4E298E446B00299763 /* ArtSCUITestsLaunchTests.swift */; };
		2639DC60298E4B1400299763 /* SignInViewController.swift in Sources */ = {isa = PBXBuildFile; fileRef = 2639DC5F298E4B1400299763 /* SignInViewController.swift */; };
/* End PBXBuildFile section */

/* Begin PBXContainerItemProxy section */
		2639DC3F298E446B00299763 /* PBXContainerItemProxy */ = {
			isa = PBXContainerItemProxy;
			containerPortal = 2639DC20298E446A00299763 /* Project object */;
			proxyType = 1;
			remoteGlobalIDString = 2639DC27298E446A00299763;
			remoteInfo = ArtSC;
		};
		2639DC49298E446B00299763 /* PBXContainerItemProxy */ = {
			isa = PBXContainerItemProxy;
			containerPortal = 2639DC20298E446A00299763 /* Project object */;
			proxyType = 1;
			remoteGlobalIDString = 2639DC27298E446A00299763;
			remoteInfo = ArtSC;
		};
/* End PBXContainerItemProxy section */

/* Begin PBXFileReference section */
		2639DC28298E446A00299763 /* ArtSC.app */ = {isa = PBXFileReference; explicitFileType = wrapper.application; includeInIndex = 0; path = ArtSC.app; sourceTree = BUILT_PRODUCTS_DIR; };
		2639DC2B298E446A00299763 /* AppDelegate.swift */ = {isa = PBXFileReference; lastKnownFileType = sourcecode.swift; path = AppDelegate.swift; sourceTree = "<group>"; };
		2639DC2D298E446A00299763 /* SceneDelegate.swift */ = {isa = PBXFileReference; lastKnownFileType = sourcecode.swift; path = SceneDelegate.swift; sourceTree = "<group>"; };
		2639DC32298E446A00299763 /* Base */ = {isa = PBXFileReference; lastKnownFileType = file.storyboard; name = Base; path = Base.lproj/Main.storyboard; sourceTree = "<group>"; };
		2639DC34298E446B00299763 /* Assets.xcassets */ = {isa = PBXFileReference; lastKnownFileType = folder.assetcatalog; path = Assets.xcassets; sourceTree = "<group>"; };
		2639DC37298E446B00299763 /* Base */ = {isa = PBXFileReference; lastKnownFileType = file.storyboard; name = Base; path = Base.lproj/LaunchScreen.storyboard; sourceTree = "<group>"; };
		2639DC39298E446B00299763 /* Info.plist */ = {isa = PBXFileReference; lastKnownFileType = text.plist.xml; path = Info.plist; sourceTree = "<group>"; };
		2639DC3E298E446B00299763 /* ArtSCTests.xctest */ = {isa = PBXFileReference; explicitFileType = wrapper.cfbundle; includeInIndex = 0; path = ArtSCTests.xctest; sourceTree = BUILT_PRODUCTS_DIR; };
		2639DC42298E446B00299763 /* ArtSCTests.swift */ = {isa = PBXFileReference; lastKnownFileType = sourcecode.swift; path = ArtSCTests.swift; sourceTree = "<group>"; };
		2639DC48298E446B00299763 /* ArtSCUITests.xctest */ = {isa = PBXFileReference; explicitFileType = wrapper.cfbundle; includeInIndex = 0; path = ArtSCUITests.xctest; sourceTree = BUILT_PRODUCTS_DIR; };
		2639DC4C298E446B00299763 /* ArtSCUITests.swift */ = {isa = PBXFileReference; lastKnownFileType = sourcecode.swift; path = ArtSCUITests.swift; sourceTree = "<group>"; };
		2639DC4E298E446B00299763 /* ArtSCUITestsLaunchTests.swift */ = {isa = PBXFileReference; lastKnownFileType = sourcecode.swift; path = ArtSCUITestsLaunchTests.swift; sourceTree = "<group>"; };
		2639DC5F298E4B1400299763 /* SignInViewController.swift */ = {isa = PBXFileReference; lastKnownFileType = sourcecode.swift; path = SignInViewController.swift; sourceTree = "<group>"; };
/* End PBXFileReference section */

/* Begin PBXFrameworksBuildPhase section */
		2639DC25298E446A00299763 /* Frameworks */ = {
			isa = PBXFrameworksBuildPhase;
			buildActionMask = 2147483647;
			files = (
			);
			runOnlyForDeploymentPostprocessing = 0;
		};
		2639DC3B298E446B00299763 /* Frameworks */ = {
			isa = PBXFrameworksBuildPhase;
			buildActionMask = 2147483647;
			files = (
			);
			runOnlyForDeploymentPostprocessing = 0;
		};
		2639DC45298E446B00299763 /* Frameworks */ = {
			isa = PBXFrameworksBuildPhase;
			buildActionMask = 2147483647;
			files = (
			);
			runOnlyForDeploymentPostprocessing = 0;
		};
/* End PBXFrameworksBuildPhase section */

/* Begin PBXGroup section */
		2639DC1F298E446A00299763 = {
			isa = PBXGroup;
			children = (
				2639DC2A298E446A00299763 /* ArtSC */,
				2639DC41298E446B00299763 /* ArtSCTests */,
				2639DC4B298E446B00299763 /* ArtSCUITests */,
				2639DC29298E446A00299763 /* Products */,
			);
			sourceTree = "<group>";
		};
		2639DC29298E446A00299763 /* Products */ = {
			isa = PBXGroup;
			children = (
				2639DC28298E446A00299763 /* ArtSC.app */,
				2639DC3E298E446B00299763 /* ArtSCTests.xctest */,
				2639DC48298E446B00299763 /* ArtSCUITests.xctest */,
			);
			name = Products;
			sourceTree = "<group>";
		};
		2639DC2A298E446A00299763 /* ArtSC */ = {
			isa = PBXGroup;
			children = (
				2639DC2D298E446A00299763 /* SceneDelegate.swift */,
				2639DC2B298E446A00299763 /* AppDelegate.swift */,
				2639DC39298E446B00299763 /* Info.plist */,
				2639DC34298E446B00299763 /* Assets.xcassets */,
				2639DC5E298E458000299763 /* Supporting Files */,
				2639DC5D298E457800299763 /* Controller */,
				2639DC5C298E457100299763 /* View */,
				2639DC5B298E456C00299763 /* Model */,
			);
			path = ArtSC;
			sourceTree = "<group>";
		};
		2639DC41298E446B00299763 /* ArtSCTests */ = {
			isa = PBXGroup;
			children = (
				2639DC42298E446B00299763 /* ArtSCTests.swift */,
			);
			path = ArtSCTests;
			sourceTree = "<group>";
		};
		2639DC4B298E446B00299763 /* ArtSCUITests */ = {
			isa = PBXGroup;
			children = (
				2639DC4C298E446B00299763 /* ArtSCUITests.swift */,
				2639DC4E298E446B00299763 /* ArtSCUITestsLaunchTests.swift */,
			);
			path = ArtSCUITests;
			sourceTree = "<group>";
		};
		2639DC5B298E456C00299763 /* Model */ = {
			isa = PBXGroup;
			children = (
			);
			path = Model;
			sourceTree = "<group>";
		};
		2639DC5C298E457100299763 /* View */ = {
			isa = PBXGroup;
			children = (
				2639DC36298E446B00299763 /* LaunchScreen.storyboard */,
				2639DC31298E446A00299763 /* Main.storyboard */,
			);
			path = View;
			sourceTree = "<group>";
		};
		2639DC5D298E457800299763 /* Controller */ = {
			isa = PBXGroup;
			children = (
				2639DC5F298E4B1400299763 /* SignInViewController.swift */,
			);
			path = Controller;
			sourceTree = "<group>";
		};
		2639DC5E298E458000299763 /* Supporting Files */ = {
			isa = PBXGroup;
			children = (
			);
			path = "Supporting Files";
			sourceTree = "<group>";
		};
/* End PBXGroup section */

/* Begin PBXNativeTarget section */
		2639DC27298E446A00299763 /* ArtSC */ = {
			isa = PBXNativeTarget;
			buildConfigurationList = 2639DC52298E446B00299763 /* Build configuration list for PBXNativeTarget "ArtSC" */;
			buildPhases = (
				2639DC24298E446A00299763 /* Sources */,
				2639DC25298E446A00299763 /* Frameworks */,
				2639DC26298E446A00299763 /* Resources */,
			);
			buildRules = (
			);
			dependencies = (
			);
			name = ArtSC;
			productName = ArtSC;
			productReference = 2639DC28298E446A00299763 /* ArtSC.app */;
			productType = "com.apple.product-type.application";
		};
		2639DC3D298E446B00299763 /* ArtSCTests */ = {
			isa = PBXNativeTarget;
			buildConfigurationList = 2639DC55298E446B00299763 /* Build configuration list for PBXNativeTarget "ArtSCTests" */;
			buildPhases = (
				2639DC3A298E446B00299763 /* Sources */,
				2639DC3B298E446B00299763 /* Frameworks */,
				2639DC3C298E446B00299763 /* Resources */,
			);
			buildRules = (
			);
			dependencies = (
				2639DC40298E446B00299763 /* PBXTargetDependency */,
			);
			name = ArtSCTests;
			productName = ArtSCTests;
			productReference = 2639DC3E298E446B00299763 /* ArtSCTests.xctest */;
			productType = "com.apple.product-type.bundle.unit-test";
		};
		2639DC47298E446B00299763 /* ArtSCUITests */ = {
			isa = PBXNativeTarget;
			buildConfigurationList = 2639DC58298E446B00299763 /* Build configuration list for PBXNativeTarget "ArtSCUITests" */;
			buildPhases = (
				2639DC44298E446B00299763 /* Sources */,
				2639DC45298E446B00299763 /* Frameworks */,
				2639DC46298E446B00299763 /* Resources */,
			);
			buildRules = (
			);
			dependencies = (
				2639DC4A298E446B00299763 /* PBXTargetDependency */,
			);
			name = ArtSCUITests;
			productName = ArtSCUITests;
			productReference = 2639DC48298E446B00299763 /* ArtSCUITests.xctest */;
			productType = "com.apple.product-type.bundle.ui-testing";
		};
/* End PBXNativeTarget section */

/* Begin PBXProject section */
		2639DC20298E446A00299763 /* Project object */ = {
			isa = PBXProject;
			attributes = {
				BuildIndependentTargetsInParallel = 1;
				LastSwiftUpdateCheck = 1340;
				LastUpgradeCheck = 1340;
				TargetAttributes = {
					2639DC27298E446A00299763 = {
						CreatedOnToolsVersion = 13.4.1;
					};
					2639DC3D298E446B00299763 = {
						CreatedOnToolsVersion = 13.4.1;
						TestTargetID = 2639DC27298E446A00299763;
					};
					2639DC47298E446B00299763 = {
						CreatedOnToolsVersion = 13.4.1;
						TestTargetID = 2639DC27298E446A00299763;
					};
				};
			};
			buildConfigurationList = 2639DC23298E446A00299763 /* Build configuration list for PBXProject "ArtSC" */;
			compatibilityVersion = "Xcode 13.0";
			developmentRegion = en;
			hasScannedForEncodings = 0;
			knownRegions = (
				en,
				Base,
			);
			mainGroup = 2639DC1F298E446A00299763;
			productRefGroup = 2639DC29298E446A00299763 /* Products */;
			projectDirPath = "";
			projectRoot = "";
			targets = (
				2639DC27298E446A00299763 /* ArtSC */,
				2639DC3D298E446B00299763 /* ArtSCTests */,
				2639DC47298E446B00299763 /* ArtSCUITests */,
			);
		};
/* End PBXProject section */

/* Begin PBXResourcesBuildPhase section */
		2639DC26298E446A00299763 /* Resources */ = {
			isa = PBXResourcesBuildPhase;
			buildActionMask = 2147483647;
			files = (
				2639DC38298E446B00299763 /* LaunchScreen.storyboard in Resources */,
				2639DC35298E446B00299763 /* Assets.xcassets in Resources */,
				2639DC33298E446A00299763 /* Main.storyboard in Resources */,
			);
			runOnlyForDeploymentPostprocessing = 0;
		};
		2639DC3C298E446B00299763 /* Resources */ = {
			isa = PBXResourcesBuildPhase;
			buildActionMask = 2147483647;
			files = (
			);
			runOnlyForDeploymentPostprocessing = 0;
		};
		2639DC46298E446B00299763 /* Resources */ = {
			isa = PBXResourcesBuildPhase;
			buildActionMask = 2147483647;
			files = (
			);
			runOnlyForDeploymentPostprocessing = 0;
		};
/* End PBXResourcesBuildPhase section */

/* Begin PBXSourcesBuildPhase section */
		2639DC24298E446A00299763 /* Sources */ = {
			isa = PBXSourcesBuildPhase;
			buildActionMask = 2147483647;
			files = (
				2639DC2C298E446A00299763 /* AppDelegate.swift in Sources */,
				2639DC2E298E446A00299763 /* SceneDelegate.swift in Sources */,
				2639DC60298E4B1400299763 /* SignInViewController.swift in Sources */,
			);
			runOnlyForDeploymentPostprocessing = 0;
		};
		2639DC3A298E446B00299763 /* Sources */ = {
			isa = PBXSourcesBuildPhase;
			buildActionMask = 2147483647;
			files = (
				2639DC43298E446B00299763 /* ArtSCTests.swift in Sources */,
			);
			runOnlyForDeploymentPostprocessing = 0;
		};
		2639DC44298E446B00299763 /* Sources */ = {
			isa = PBXSourcesBuildPhase;
			buildActionMask = 2147483647;
			files = (
				2639DC4F298E446B00299763 /* ArtSCUITestsLaunchTests.swift in Sources */,
				2639DC4D298E446B00299763 /* ArtSCUITests.swift in Sources */,
			);
			runOnlyForDeploymentPostprocessing = 0;
		};
/* End PBXSourcesBuildPhase section */

/* Begin PBXTargetDependency section */
		2639DC40298E446B00299763 /* PBXTargetDependency */ = {
			isa = PBXTargetDependency;
			target = 2639DC27298E446A00299763 /* ArtSC */;
			targetProxy = 2639DC3F298E446B00299763 /* PBXContainerItemProxy */;
		};
		2639DC4A298E446B00299763 /* PBXTargetDependency */ = {
			isa = PBXTargetDependency;
			target = 2639DC27298E446A00299763 /* ArtSC */;
			targetProxy = 2639DC49298E446B00299763 /* PBXContainerItemProxy */;
		};
/* End PBXTargetDependency section */

/* Begin PBXVariantGroup section */
		2639DC31298E446A00299763 /* Main.storyboard */ = {
			isa = PBXVariantGroup;
			children = (
				2639DC32298E446A00299763 /* Base */,
			);
			name = Main.storyboard;
			sourceTree = "<group>";
		};
		2639DC36298E446B00299763 /* LaunchScreen.storyboard */ = {
			isa = PBXVariantGroup;
			children = (
				2639DC37298E446B00299763 /* Base */,
			);
			name = LaunchScreen.storyboard;
			sourceTree = "<group>";
		};
/* End PBXVariantGroup section */

/* Begin XCBuildConfiguration section */
		2639DC50298E446B00299763 /* Debug */ = {
			isa = XCBuildConfiguration;
			buildSettings = {
				ALWAYS_SEARCH_USER_PATHS = NO;
				CLANG_ANALYZER_NONNULL = YES;
				CLANG_ANALYZER_NUMBER_OBJECT_CONVERSION = YES_AGGRESSIVE;
				CLANG_CXX_LANGUAGE_STANDARD = "gnu++17";
				CLANG_ENABLE_MODULES = YES;
				CLANG_ENABLE_OBJC_ARC = YES;
				CLANG_ENABLE_OBJC_WEAK = YES;
				CLANG_WARN_BLOCK_CAPTURE_AUTORELEASING = YES;
				CLANG_WARN_BOOL_CONVERSION = YES;
				CLANG_WARN_COMMA = YES;
				CLANG_WARN_CONSTANT_CONVERSION = YES;
				CLANG_WARN_DEPRECATED_OBJC_IMPLEMENTATIONS = YES;
				CLANG_WARN_DIRECT_OBJC_ISA_USAGE = YES_ERROR;
				CLANG_WARN_DOCUMENTATION_COMMENTS = YES;
				CLANG_WARN_EMPTY_BODY = YES;
				CLANG_WARN_ENUM_CONVERSION = YES;
				CLANG_WARN_INFINITE_RECURSION = YES;
				CLANG_WARN_INT_CONVERSION = YES;
				CLANG_WARN_NON_LITERAL_NULL_CONVERSION = YES;
				CLANG_WARN_OBJC_IMPLICIT_RETAIN_SELF = YES;
				CLANG_WARN_OBJC_LITERAL_CONVERSION = YES;
				CLANG_WARN_OBJC_ROOT_CLASS = YES_ERROR;
				CLANG_WARN_QUOTED_INCLUDE_IN_FRAMEWORK_HEADER = YES;
				CLANG_WARN_RANGE_LOOP_ANALYSIS = YES;
				CLANG_WARN_STRICT_PROTOTYPES = YES;
				CLANG_WARN_SUSPICIOUS_MOVE = YES;
				CLANG_WARN_UNGUARDED_AVAILABILITY = YES_AGGRESSIVE;
				CLANG_WARN_UNREACHABLE_CODE = YES;
				CLANG_WARN__DUPLICATE_METHOD_MATCH = YES;
				COPY_PHASE_STRIP = NO;
				DEBUG_INFORMATION_FORMAT = dwarf;
				ENABLE_STRICT_OBJC_MSGSEND = YES;
				ENABLE_TESTABILITY = YES;
				GCC_C_LANGUAGE_STANDARD = gnu11;
				GCC_DYNAMIC_NO_PIC = NO;
				GCC_NO_COMMON_BLOCKS = YES;
				GCC_OPTIMIZATION_LEVEL = 0;
				GCC_PREPROCESSOR_DEFINITIONS = (
					"DEBUG=1",
					"$(inherited)",
				);
				GCC_WARN_64_TO_32_BIT_CONVERSION = YES;
				GCC_WARN_ABOUT_RETURN_TYPE = YES_ERROR;
				GCC_WARN_UNDECLARED_SELECTOR = YES;
				GCC_WARN_UNINITIALIZED_AUTOS = YES_AGGRESSIVE;
				GCC_WARN_UNUSED_FUNCTION = YES;
				GCC_WARN_UNUSED_VARIABLE = YES;
				IPHONEOS_DEPLOYMENT_TARGET = 15.5;
				MTL_ENABLE_DEBUG_INFO = INCLUDE_SOURCE;
				MTL_FAST_MATH = YES;
				ONLY_ACTIVE_ARCH = YES;
				SDKROOT = iphoneos;
				SWIFT_ACTIVE_COMPILATION_CONDITIONS = DEBUG;
				SWIFT_OPTIMIZATION_LEVEL = "-Onone";
			};
			name = Debug;
		};
		2639DC51298E446B00299763 /* Release */ = {
			isa = XCBuildConfiguration;
			buildSettings = {
				ALWAYS_SEARCH_USER_PATHS = NO;
				CLANG_ANALYZER_NONNULL = YES;
				CLANG_ANALYZER_NUMBER_OBJECT_CONVERSION = YES_AGGRESSIVE;
				CLANG_CXX_LANGUAGE_STANDARD = "gnu++17";
				CLANG_ENABLE_MODULES = YES;
				CLANG_ENABLE_OBJC_ARC = YES;
				CLANG_ENABLE_OBJC_WEAK = YES;
				CLANG_WARN_BLOCK_CAPTURE_AUTORELEASING = YES;
				CLANG_WARN_BOOL_CONVERSION = YES;
				CLANG_WARN_COMMA = YES;
				CLANG_WARN_CONSTANT_CONVERSION = YES;
				CLANG_WARN_DEPRECATED_OBJC_IMPLEMENTATIONS = YES;
				CLANG_WARN_DIRECT_OBJC_ISA_USAGE = YES_ERROR;
				CLANG_WARN_DOCUMENTATION_COMMENTS = YES;
				CLANG_WARN_EMPTY_BODY = YES;
				CLANG_WARN_ENUM_CONVERSION = YES;
				CLANG_WARN_INFINITE_RECURSION = YES;
				CLANG_WARN_INT_CONVERSION = YES;
				CLANG_WARN_NON_LITERAL_NULL_CONVERSION = YES;
				CLANG_WARN_OBJC_IMPLICIT_RETAIN_SELF = YES;
				CLANG_WARN_OBJC_LITERAL_CONVERSION = YES;
				CLANG_WARN_OBJC_ROOT_CLASS = YES_ERROR;
				CLANG_WARN_QUOTED_INCLUDE_IN_FRAMEWORK_HEADER = YES;
				CLANG_WARN_RANGE_LOOP_ANALYSIS = YES;
				CLANG_WARN_STRICT_PROTOTYPES = YES;
				CLANG_WARN_SUSPICIOUS_MOVE = YES;
				CLANG_WARN_UNGUARDED_AVAILABILITY = YES_AGGRESSIVE;
				CLANG_WARN_UNREACHABLE_CODE = YES;
				CLANG_WARN__DUPLICATE_METHOD_MATCH = YES;
				COPY_PHASE_STRIP = NO;
				DEBUG_INFORMATION_FORMAT = "dwarf-with-dsym";
				ENABLE_NS_ASSERTIONS = NO;
				ENABLE_STRICT_OBJC_MSGSEND = YES;
				GCC_C_LANGUAGE_STANDARD = gnu11;
				GCC_NO_COMMON_BLOCKS = YES;
				GCC_WARN_64_TO_32_BIT_CONVERSION = YES;
				GCC_WARN_ABOUT_RETURN_TYPE = YES_ERROR;
				GCC_WARN_UNDECLARED_SELECTOR = YES;
				GCC_WARN_UNINITIALIZED_AUTOS = YES_AGGRESSIVE;
				GCC_WARN_UNUSED_FUNCTION = YES;
				GCC_WARN_UNUSED_VARIABLE = YES;
				IPHONEOS_DEPLOYMENT_TARGET = 15.5;
				MTL_ENABLE_DEBUG_INFO = NO;
				MTL_FAST_MATH = YES;
				SDKROOT = iphoneos;
				SWIFT_COMPILATION_MODE = wholemodule;
				SWIFT_OPTIMIZATION_LEVEL = "-O";
				VALIDATE_PRODUCT = YES;
			};
			name = Release;
		};
		2639DC53298E446B00299763 /* Debug */ = {
			isa = XCBuildConfiguration;
			buildSettings = {
				ASSETCATALOG_COMPILER_APPICON_NAME = AppIcon;
				ASSETCATALOG_COMPILER_GLOBAL_ACCENT_COLOR_NAME = AccentColor;
				CODE_SIGN_STYLE = Automatic;
				CURRENT_PROJECT_VERSION = 1;
				DEVELOPMENT_TEAM = K364XH8NLX;
				GENERATE_INFOPLIST_FILE = YES;
				INFOPLIST_FILE = ArtSC/Info.plist;
				INFOPLIST_KEY_UIApplicationSupportsIndirectInputEvents = YES;
				INFOPLIST_KEY_UILaunchStoryboardName = LaunchScreen;
				INFOPLIST_KEY_UIMainStoryboardFile = Main;
				INFOPLIST_KEY_UISupportedInterfaceOrientations_iPad = "UIInterfaceOrientationPortrait UIInterfaceOrientationPortraitUpsideDown UIInterfaceOrientationLandscapeLeft UIInterfaceOrientationLandscapeRight";
				INFOPLIST_KEY_UISupportedInterfaceOrientations_iPhone = "UIInterfaceOrientationPortrait UIInterfaceOrientationLandscapeLeft UIInterfaceOrientationLandscapeRight";
				LD_RUNPATH_SEARCH_PATHS = (
					"$(inherited)",
					"@executable_path/Frameworks",
				);
				MARKETING_VERSION = 1.0;
				PRODUCT_BUNDLE_IDENTIFIER = edu.usc.ArtSC;
				PRODUCT_NAME = "$(TARGET_NAME)";
				SWIFT_EMIT_LOC_STRINGS = YES;
				SWIFT_VERSION = 5.0;
				TARGETED_DEVICE_FAMILY = "1,2";
			};
			name = Debug;
		};
		2639DC54298E446B00299763 /* Release */ = {
			isa = XCBuildConfiguration;
			buildSettings = {
				ASSETCATALOG_COMPILER_APPICON_NAME = AppIcon;
				ASSETCATALOG_COMPILER_GLOBAL_ACCENT_COLOR_NAME = AccentColor;
				CODE_SIGN_STYLE = Automatic;
				CURRENT_PROJECT_VERSION = 1;
				DEVELOPMENT_TEAM = K364XH8NLX;
				GENERATE_INFOPLIST_FILE = YES;
				INFOPLIST_FILE = ArtSC/Info.plist;
				INFOPLIST_KEY_UIApplicationSupportsIndirectInputEvents = YES;
				INFOPLIST_KEY_UILaunchStoryboardName = LaunchScreen;
				INFOPLIST_KEY_UIMainStoryboardFile = Main;
				INFOPLIST_KEY_UISupportedInterfaceOrientations_iPad = "UIInterfaceOrientationPortrait UIInterfaceOrientationPortraitUpsideDown UIInterfaceOrientationLandscapeLeft UIInterfaceOrientationLandscapeRight";
				INFOPLIST_KEY_UISupportedInterfaceOrientations_iPhone = "UIInterfaceOrientationPortrait UIInterfaceOrientationLandscapeLeft UIInterfaceOrientationLandscapeRight";
				LD_RUNPATH_SEARCH_PATHS = (
					"$(inherited)",
					"@executable_path/Frameworks",
				);
				MARKETING_VERSION = 1.0;
				PRODUCT_BUNDLE_IDENTIFIER = edu.usc.ArtSC;
				PRODUCT_NAME = "$(TARGET_NAME)";
				SWIFT_EMIT_LOC_STRINGS = YES;
				SWIFT_VERSION = 5.0;
				TARGETED_DEVICE_FAMILY = "1,2";
			};
			name = Release;
		};
		2639DC56298E446B00299763 /* Debug */ = {
			isa = XCBuildConfiguration;
			buildSettings = {
				ALWAYS_EMBED_SWIFT_STANDARD_LIBRARIES = YES;
				BUNDLE_LOADER = "$(TEST_HOST)";
				CODE_SIGN_STYLE = Automatic;
				CURRENT_PROJECT_VERSION = 1;
				DEVELOPMENT_TEAM = K364XH8NLX;
				GENERATE_INFOPLIST_FILE = YES;
				IPHONEOS_DEPLOYMENT_TARGET = 15.5;
				MARKETING_VERSION = 1.0;
				PRODUCT_BUNDLE_IDENTIFIER = edu.usc.ArtSCTests;
				PRODUCT_NAME = "$(TARGET_NAME)";
				SWIFT_EMIT_LOC_STRINGS = NO;
				SWIFT_VERSION = 5.0;
				TARGETED_DEVICE_FAMILY = "1,2";
				TEST_HOST = "$(BUILT_PRODUCTS_DIR)/ArtSC.app/ArtSC";
			};
			name = Debug;
		};
		2639DC57298E446B00299763 /* Release */ = {
			isa = XCBuildConfiguration;
			buildSettings = {
				ALWAYS_EMBED_SWIFT_STANDARD_LIBRARIES = YES;
				BUNDLE_LOADER = "$(TEST_HOST)";
				CODE_SIGN_STYLE = Automatic;
				CURRENT_PROJECT_VERSION = 1;
				DEVELOPMENT_TEAM = K364XH8NLX;
				GENERATE_INFOPLIST_FILE = YES;
				IPHONEOS_DEPLOYMENT_TARGET = 15.5;
				MARKETING_VERSION = 1.0;
				PRODUCT_BUNDLE_IDENTIFIER = edu.usc.ArtSCTests;
				PRODUCT_NAME = "$(TARGET_NAME)";
				SWIFT_EMIT_LOC_STRINGS = NO;
				SWIFT_VERSION = 5.0;
				TARGETED_DEVICE_FAMILY = "1,2";
				TEST_HOST = "$(BUILT_PRODUCTS_DIR)/ArtSC.app/ArtSC";
			};
			name = Release;
		};
		2639DC59298E446B00299763 /* Debug */ = {
			isa = XCBuildConfiguration;
			buildSettings = {
				ALWAYS_EMBED_SWIFT_STANDARD_LIBRARIES = YES;
				CODE_SIGN_STYLE = Automatic;
				CURRENT_PROJECT_VERSION = 1;
				DEVELOPMENT_TEAM = K364XH8NLX;
				GENERATE_INFOPLIST_FILE = YES;
				MARKETING_VERSION = 1.0;
				PRODUCT_BUNDLE_IDENTIFIER = edu.usc.ArtSCUITests;
				PRODUCT_NAME = "$(TARGET_NAME)";
				SWIFT_EMIT_LOC_STRINGS = NO;
				SWIFT_VERSION = 5.0;
				TARGETED_DEVICE_FAMILY = "1,2";
				TEST_TARGET_NAME = ArtSC;
			};
			name = Debug;
		};
		2639DC5A298E446B00299763 /* Release */ = {
			isa = XCBuildConfiguration;
			buildSettings = {
				ALWAYS_EMBED_SWIFT_STANDARD_LIBRARIES = YES;
				CODE_SIGN_STYLE = Automatic;
				CURRENT_PROJECT_VERSION = 1;
				DEVELOPMENT_TEAM = K364XH8NLX;
				GENERATE_INFOPLIST_FILE = YES;
				MARKETING_VERSION = 1.0;
				PRODUCT_BUNDLE_IDENTIFIER = edu.usc.ArtSCUITests;
				PRODUCT_NAME = "$(TARGET_NAME)";
				SWIFT_EMIT_LOC_STRINGS = NO;
				SWIFT_VERSION = 5.0;
				TARGETED_DEVICE_FAMILY = "1,2";
				TEST_TARGET_NAME = ArtSC;
			};
			name = Release;
		};
/* End XCBuildConfiguration section */

/* Begin XCConfigurationList section */
		2639DC23298E446A00299763 /* Build configuration list for PBXProject "ArtSC" */ = {
			isa = XCConfigurationList;
			buildConfigurations = (
				2639DC50298E446B00299763 /* Debug */,
				2639DC51298E446B00299763 /* Release */,
			);
			defaultConfigurationIsVisible = 0;
			defaultConfigurationName = Release;
		};
		2639DC52298E446B00299763 /* Build configuration list for PBXNativeTarget "ArtSC" */ = {
			isa = XCConfigurationList;
			buildConfigurations = (
				2639DC53298E446B00299763 /* Debug */,
				2639DC54298E446B00299763 /* Release */,
			);
			defaultConfigurationIsVisible = 0;
			defaultConfigurationName = Release;
		};
		2639DC55298E446B00299763 /* Build configuration list for PBXNativeTarget "ArtSCTests" */ = {
			isa = XCConfigurationList;
			buildConfigurations = (
				2639DC56298E446B00299763 /* Debug */,
				2639DC57298E446B00299763 /* Release */,
			);
			defaultConfigurationIsVisible = 0;
			defaultConfigurationName = Release;
		};
		2639DC58298E446B00299763 /* Build configuration list for PBXNativeTarget "ArtSCUITests" */ = {
			isa = XCConfigurationList;
			buildConfigurations = (
				2639DC59298E446B00299763 /* Debug */,
				2639DC5A298E446B00299763 /* Release */,
			);
			defaultConfigurationIsVisible = 0;
			defaultConfigurationName = Release;
		};
/* End XCConfigurationList section */
	};
	rootObject = 2639DC20298E446A00299763 /* Project object */;
}
